github.com/bfollek/advent2019go v0.0.0-20191216020234-8b40e5982486 h1:fzFTVtwJSE6Mr7yL1BrzY6shjP9EGRpuHkm0lVZBcos=
github.com/bfollek/advent2019go v0.0.0-20191216020234-8b40e5982486/go.mod h1:zAYOtoF+TK2HppwjK4Elar23X1J1PL5SQxyNNAfbd/o=
github.com/deckarep/golang-set v1.7.1 h1:SCQV0S6gTtp6itiFrTqI+pfmJ4LN85S1YzhDf9rTHJQ=
github.com/deckarep/golang-set v1.7.1/go.mod h1:93vsz/8Wt4joVM7c2AVqh+YRMiUSc14yDtF28KmMOgQ=
github.com/gitchander/permutation v0.0.0-20181107151852-9e56b92e9909 h1:9NC8seTx6/zRmMTAdsHj/uOMi0EGHGQtjyLafBjk77Q=
github.com/gitchander/permutation v0.0.0-20181107151852-9e56b92e9909/go.mod h1:lP+DW8LR6Rw3ru9Vo2/y/3iiLaLWmofYql/va+7zJOk=
github.com/golang-collections/collections v0.0.0-20130729185459-604e922904d3 h1:zN2lZNZRflqFyxVaTIU61KNKQ9C0055u9CAfpmqUvo4=
github.com/golang-collections/collections v0.0.0-20130729185459-604e922904d3/go.mod h1:nPpo7qLxd6XL3hWJG/O60sR8ZKfMCiIoNap5GvD12KU=
github.com/yourbasic/graph v0.0.0-20170921192928-40eb135c0b26 h1:4u7nCRnWizT8R6xOP7cGaq+Ov0oBGkKMsLWZKiwDFas=
github.com/yourbasic/graph v0.0.0-20170921192928-40eb135c0b26/go.mod h1:Rfzr+sqaDreiCaoQbFCu3sTXxeFq/9kXRuyOoSlGQHE=
